
Microsoft Visual Studio Solution File, Format Version 12.00
# Visual Studio Version 17
VisualStudioVersion = 17.7.34003.232
MinimumVisualStudioVersion = 10.0.40219.1
Project("{FAE04EC0-301F-11D3-BF4B-00C04F79EFBC}") = "T09-01", "T09-01.csproj", "{92C5D8F4-242B-4EF3-8A63-8DEE6954D94A}"
EndProject
Global
	GlobalSection(SolutionConfigurationPlatforms) = preSolution
		Debug|Any CPU = Debug|Any CPU
		Release|Any CPU = Release|Any CPU
	EndGlobalSection
	GlobalSection(ProjectConfigurationPlatforms) = postSolution
		{92C5D8F4-242B-4EF3-8A63-8DEE6954D94A}.Debug|Any CPU.ActiveCfg = Debug|Any CPU
		{92C5D8F4-242B-4EF3-8A63-8DEE6954D94A}.Debug|Any CPU.Build.0 = Debug|Any CPU
		{92C5D8F4-242B-4EF3-8A63-8DEE6954D94A}.Release|Any CPU.ActiveCfg = Release|Any CPU
		{92C5D8F4-242B-4EF3-8A63-8DEE6954D94A}.Release|Any CPU.Build.0 = Release|Any CPU
	EndGlobalSection
	GlobalSection(SolutionProperties) = preSolution
		HideSolutionNode = FALSE
	EndGlobalSection
	GlobalSection(ExtensibilityGlobals) = postSolution
		SolutionGuid = {875EB949-176C-4BBB-86F0-D4E6ABA6A9DF}
	EndGlobalSection
EndGlobal
